{
  "version": 4,
  "terraform_version": "1.5.6",
  "serial": 598,
  "lineage": "56782459-6c4c-b3d2-77dd-853d121c8cdc",
  "outputs": {
    "EC2_Instance_Public_IP": {
      "value": "54.164.1.227",
      "type": "string"
    },
    "cloudgoat_output_bob_access_key_id": {
      "value": "AKIA4O2ICJQARD6XFXBW",
      "type": "string"
    },
    "cloudgoat_output_bob_secret_key": {
      "value": "El8tF8cOEkKjus8LSribL5WkZa0VULR+wAT/R/K5",
      "type": "string",
      "sensitive": true
    },
    "cloudgoat_output_kitri_access_key_id": {
      "value": "AKIA4O2ICJQA6SBXZGPZ",
      "type": "string"
    },
    "cloudgoat_output_kitri_secret_key": {
      "value": "R4ngo0Kz3KMSau6iLGp/LwHWvGr6+sfiuXLp4i/Y",
      "type": "string",
      "sensitive": true
    },
    "cloudgoat_output_username": {
      "value": "bob",
      "type": "string"
    },
    "cloudgoat_output_username_kitri": {
      "value": "kitri",
      "type": "string"
    }
  },
  "resources": [
    {
      "mode": "data",
      "type": "archive_file",
      "name": "lambda",
      "provider": "provider[\"registry.terraform.io/hashicorp/archive\"]",
      "instances": [
        {
          "schema_version": 0,
          "attributes": {
            "exclude_symlink_directories": null,
            "excludes": null,
            "id": "216e647dc52b9a80e30fc365e38e94351a84f5d9",
            "output_base64sha256": "b30DL+WYJSDEC9io1sygd7GhtTDWOKN3XUPHHvlTGf4=",
            "output_base64sha512": "xmy1qrtw274mCZg2Fp5GNQR0iuxrmFbm1YtAN6vGy8xPREa6zNFZwkcndGgLYKg7/iwWIqk9yic+/sqhiI+G8A==",
            "output_file_mode": null,
            "output_md5": "cc3b7670d84b73db7e5360bc5f964663",
            "output_path": "tagless.zip",
            "output_sha": "216e647dc52b9a80e30fc365e38e94351a84f5d9",
            "output_sha256": "6f7d032fe5982520c40bd8a8d6cca077b1a1b530d638a3775d43c71ef95319fe",
            "output_sha512": "c66cb5aabb70dbbe26099836169e463504748aec6b9856e6d58b4037abc6cbcc4f4446baccd159c2472774680b60a83bfe2c1622a93dca273efecaa1888f86f0",
            "output_size": 821,
            "source": [],
            "source_content": null,
            "source_content_filename": null,
            "source_dir": null,
            "source_file": "tagless.py",
            "type": "zip"
          },
          "sensitive_attributes": []
        }
      ]
    },
    {
      "mode": "data",
      "type": "aws_iam_policy_document",
      "name": "assume_role",
      "provider": "provider[\"registry.terraform.io/hashicorp/aws\"]",
      "instances": [
        {
          "schema_version": 0,
          "attributes": {
            "id": "1006528533",
            "json": "{\n  \"Version\": \"2012-10-17\",\n  \"Statement\": [\n    {\n      \"Effect\": \"Allow\",\n      \"Action\": [\n        \"sts:TagSession\",\n        \"sts:AssumeRole\"\n      ],\n      \"Principal\": {\n        \"Service\": \"lambda.amazonaws.com\"\n      }\n    }\n  ]\n}",
            "override_policy_documents": null,
            "policy_id": null,
            "source_policy_documents": null,
            "statement": [
              {
                "actions": [
                  "sts:AssumeRole",
                  "sts:TagSession"
                ],
                "condition": [],
                "effect": "Allow",
                "not_actions": [],
                "not_principals": [],
                "not_resources": [],
                "principals": [
                  {
                    "identifiers": [
                      "lambda.amazonaws.com"
                    ],
                    "type": "Service"
                  }
                ],
                "resources": [],
                "sid": ""
              }
            ],
            "version": "2012-10-17"
          },
          "sensitive_attributes": []
        }
      ]
    },
    {
      "mode": "managed",
      "type": "aws_iam_access_key",
      "name": "cg-bob",
      "provider": "provider[\"registry.terraform.io/hashicorp/aws\"]",
      "instances": [
        {
          "schema_version": 0,
          "attributes": {
            "create_date": "2023-09-25T13:11:11Z",
            "encrypted_secret": null,
            "encrypted_ses_smtp_password_v4": null,
            "id": "AKIA4O2ICJQARD6XFXBW",
            "key_fingerprint": null,
            "pgp_key": null,
            "secret": "El8tF8cOEkKjus8LSribL5WkZa0VULR+wAT/R/K5",
            "ses_smtp_password_v4": "BEixhJ/bM1yxkLE9AFxTGD7DDVODH6OVpUP7nksrC7/5",
            "status": "Active",
            "user": "bob"
          },
          "sensitive_attributes": [],
          "private": "bnVsbA==",
          "dependencies": [
            "aws_iam_user.cg-bob"
          ]
        }
      ]
    },
    {
      "mode": "managed",
      "type": "aws_iam_access_key",
      "name": "cg-kitri",
      "provider": "provider[\"registry.terraform.io/hashicorp/aws\"]",
      "instances": [
        {
          "schema_version": 0,
          "attributes": {
            "create_date": "2023-09-25T13:11:02Z",
            "encrypted_secret": null,
            "encrypted_ses_smtp_password_v4": null,
            "id": "AKIA4O2ICJQA6SBXZGPZ",
            "key_fingerprint": null,
            "pgp_key": null,
            "secret": "R4ngo0Kz3KMSau6iLGp/LwHWvGr6+sfiuXLp4i/Y",
            "ses_smtp_password_v4": "BAgGimbVTNUDHWI1REiTyxpp2MZ+5wb7WM2L8o+A7TT7",
            "status": "Active",
            "user": "kitri"
          },
          "sensitive_attributes": [],
          "private": "bnVsbA==",
          "dependencies": [
            "aws_iam_user.cg-kitri"
          ]
        }
      ]
    },
    {
      "mode": "managed",
      "type": "aws_iam_policy",
      "name": "AmazonS3ReadOnlyAccess",
      "provider": "provider[\"registry.terraform.io/hashicorp/aws\"]",
      "instances": [
        {
          "schema_version": 0,
          "attributes": {
            "arn": "arn:aws:iam::856460250113:policy/AmazonS3ReadOnlyAccess",
            "description": "AmazonS3ReadOnlyAccess Polic",
            "id": "arn:aws:iam::856460250113:policy/AmazonS3ReadOnlyAccess",
            "name": "AmazonS3ReadOnlyAccess",
            "name_prefix": "",
            "path": "/",
            "policy": "{\"Statement\":[{\"Action\":[\"s3:Get*\",\"s3:List*\",\"s3:Describe*\",\"s3-object-lambda:Get*\",\"s3-object-lambda:List*\",\"s3:PutObject*\",\"s3:HeadObject\",\"lambda:List*\",\"lambda:GetFunction\"],\"Effect\":\"Allow\",\"Resource\":\"*\"}],\"Version\":\"2012-10-17\"}",
            "policy_id": "ANPA4O2ICJQAVUMLMXQ6J",
            "tags": {},
            "tags_all": {}
          },
          "sensitive_attributes": [],
          "private": "bnVsbA=="
        }
      ]
    },
    {
      "mode": "managed",
      "type": "aws_iam_policy",
      "name": "s3_bucket_acl_policy",
      "provider": "provider[\"registry.terraform.io/hashicorp/aws\"]",
      "instances": [
        {
          "schema_version": 0,
          "attributes": {
            "arn": "arn:aws:iam::856460250113:policy/s3-bucket-acl-policy",
            "description": "IAM policy for managing S3 bucket ACL",
            "id": "arn:aws:iam::856460250113:policy/s3-bucket-acl-policy",
            "name": "s3-bucket-acl-policy",
            "name_prefix": "",
            "path": "/",
            "policy": "{\"Statement\":[{\"Action\":[\"s3:PutBucketAcl\"],\"Effect\":\"Allow\",\"Resource\":\"arn:aws:s3:::your-bucket-name\"}],\"Version\":\"2012-10-17\"}",
            "policy_id": "ANPA4O2ICJQAZ7OU3SMGV",
            "tags": {},
            "tags_all": {}
          },
          "sensitive_attributes": [],
          "private": "bnVsbA=="
        }
      ]
    },
    {
      "mode": "managed",
      "type": "aws_iam_policy",
      "name": "s3_tagging_policy",
      "provider": "provider[\"registry.terraform.io/hashicorp/aws\"]",
      "instances": [
        {
          "schema_version": 0,
          "attributes": {
            "arn": "arn:aws:iam::856460250113:policy/s3-tagging-policy",
            "description": "IAM policy for S3 object tagging",
            "id": "arn:aws:iam::856460250113:policy/s3-tagging-policy",
            "name": "s3-tagging-policy",
            "name_prefix": "",
            "path": "/",
            "policy": "{\"Statement\":[{\"Action\":[\"s3:GetObject\",\"s3:PutObjectTagging\",\"s3:GetBucketLocation\"],\"Effect\":\"Allow\",\"Resource\":[\"arn:aws:s3:::teamcgv-test/*\"]}],\"Version\":\"2012-10-17\"}",
            "policy_id": "ANPA4O2ICJQAXBUCSNVCB",
            "tags": {},
            "tags_all": {}
          },
          "sensitive_attributes": [],
          "private": "bnVsbA=="
        }
      ]
    },
    {
      "mode": "managed",
      "type": "aws_iam_policy_attachment",
      "name": "attach_lambda_basic_policy",
      "provider": "provider[\"registry.terraform.io/hashicorp/aws\"]",
      "instances": [
        {
          "schema_version": 0,
          "attributes": {
            "groups": [],
            "id": "attach_lambda_basic_policy",
            "name": "attach_lambda_basic_policy",
            "policy_arn": "arn:aws:iam::aws:policy/service-role/AWSLambdaBasicExecutionRole",
            "roles": [
              "iam_for_lambda"
            ],
            "users": []
          },
          "sensitive_attributes": [],
          "private": "bnVsbA==",
          "dependencies": [
            "aws_iam_role.iam_for_lambda",
            "data.aws_iam_policy_document.assume_role"
          ]
        }
      ]
    },
    {
      "mode": "managed",
      "type": "aws_iam_policy_attachment",
      "name": "s3_bucket_acl_attachment",
      "provider": "provider[\"registry.terraform.io/hashicorp/aws\"]",
      "instances": [
        {
          "schema_version": 0,
          "attributes": {
            "groups": [],
            "id": "s3-bucket-acl-attachment",
            "name": "s3-bucket-acl-attachment",
            "policy_arn": "arn:aws:iam::856460250113:policy/s3-bucket-acl-policy",
            "roles": [
              "s3-bucket-acl-role"
            ],
            "users": []
          },
          "sensitive_attributes": [],
          "private": "bnVsbA==",
          "dependencies": [
            "aws_iam_policy.s3_bucket_acl_policy",
            "aws_iam_role.s3_bucket_acl_role"
          ]
        }
      ]
    },
    {
      "mode": "managed",
      "type": "aws_iam_policy_attachment",
      "name": "s3_tagging_attachment",
      "provider": "provider[\"registry.terraform.io/hashicorp/aws\"]",
      "instances": [
        {
          "schema_version": 0,
          "attributes": {
            "groups": [],
            "id": "s3-tagging-attachment",
            "name": "s3-tagging-attachment",
            "policy_arn": "arn:aws:iam::856460250113:policy/s3-tagging-policy",
            "roles": [
              "iam_for_lambda"
            ],
            "users": []
          },
          "sensitive_attributes": [],
          "private": "bnVsbA==",
          "dependencies": [
            "aws_iam_policy.s3_tagging_policy",
            "aws_iam_role.iam_for_lambda",
            "data.aws_iam_policy_document.assume_role"
          ]
        }
      ]
    },
    {
      "mode": "managed",
      "type": "aws_iam_role",
      "name": "iam_for_lambda",
      "provider": "provider[\"registry.terraform.io/hashicorp/aws\"]",
      "instances": [
        {
          "schema_version": 0,
          "attributes": {
            "arn": "arn:aws:iam::856460250113:role/iam_for_lambda",
            "assume_role_policy": "{\"Statement\":[{\"Action\":[\"sts:TagSession\",\"sts:AssumeRole\"],\"Effect\":\"Allow\",\"Principal\":{\"Service\":\"lambda.amazonaws.com\"}}],\"Version\":\"2012-10-17\"}",
            "create_date": "2023-09-25T13:11:02Z",
            "description": "",
            "force_detach_policies": false,
            "id": "iam_for_lambda",
            "inline_policy": [],
            "managed_policy_arns": [
              "arn:aws:iam::856460250113:policy/s3-tagging-policy",
              "arn:aws:iam::aws:policy/service-role/AWSLambdaBasicExecutionRole"
            ],
            "max_session_duration": 3600,
            "name": "iam_for_lambda",
            "name_prefix": "",
            "path": "/",
            "permissions_boundary": null,
            "tags": {},
            "tags_all": {},
            "unique_id": "AROA4O2ICJQAVTHRVA6UE"
          },
          "sensitive_attributes": [],
          "private": "bnVsbA==",
          "dependencies": [
            "data.aws_iam_policy_document.assume_role"
          ]
        }
      ]
    },
    {
      "mode": "managed",
      "type": "aws_iam_role",
      "name": "s3_bucket_acl_role",
      "provider": "provider[\"registry.terraform.io/hashicorp/aws\"]",
      "instances": [
        {
          "schema_version": 0,
          "attributes": {
            "arn": "arn:aws:iam::856460250113:role/s3-bucket-acl-role",
            "assume_role_policy": "{\"Statement\":[{\"Action\":\"sts:AssumeRole\",\"Effect\":\"Allow\",\"Principal\":{\"Service\":\"lambda.amazonaws.com\"}}],\"Version\":\"2012-10-17\"}",
            "create_date": "2023-09-25T13:11:02Z",
            "description": "",
            "force_detach_policies": false,
            "id": "s3-bucket-acl-role",
            "inline_policy": [],
            "managed_policy_arns": [
              "arn:aws:iam::856460250113:policy/s3-bucket-acl-policy"
            ],
            "max_session_duration": 3600,
            "name": "s3-bucket-acl-role",
            "name_prefix": "",
            "path": "/",
            "permissions_boundary": null,
            "tags": {},
            "tags_all": {},
            "unique_id": "AROA4O2ICJQAQMI76MIHR"
          },
          "sensitive_attributes": [],
          "private": "bnVsbA=="
        }
      ]
    },
    {
      "mode": "managed",
      "type": "aws_iam_user",
      "name": "cg-bob",
      "provider": "provider[\"registry.terraform.io/hashicorp/aws\"]",
      "instances": [
        {
          "schema_version": 0,
          "attributes": {
            "arn": "arn:aws:iam::856460250113:user/bob",
            "force_destroy": false,
            "id": "bob",
            "name": "bob",
            "path": "/",
            "permissions_boundary": null,
            "tags": {
              "Name": "cg-bob-teamcgvtest",
              "Scenario": "ec2_sg_change",
              "Stack": "CloudGoat"
            },
            "tags_all": {
              "Name": "cg-bob-teamcgvtest",
              "Scenario": "ec2_sg_change",
              "Stack": "CloudGoat"
            },
            "unique_id": "AIDA4O2ICJQA22PUSM6JL"
          },
          "sensitive_attributes": [],
          "private": "bnVsbA=="
        }
      ]
    },
    {
      "mode": "managed",
      "type": "aws_iam_user",
      "name": "cg-kitri",
      "provider": "provider[\"registry.terraform.io/hashicorp/aws\"]",
      "instances": [
        {
          "schema_version": 0,
          "attributes": {
            "arn": "arn:aws:iam::856460250113:user/kitri",
            "force_destroy": false,
            "id": "kitri",
            "name": "kitri",
            "path": "/",
            "permissions_boundary": null,
            "tags": {
              "Name": "cg-kitri-teamcgvtest",
              "Scenario": "ec2_sg_change",
              "Stack": "CloudGoat"
            },
            "tags_all": {
              "Name": "cg-kitri-teamcgvtest",
              "Scenario": "ec2_sg_change",
              "Stack": "CloudGoat"
            },
            "unique_id": "AIDA4O2ICJQA2W7255DNL"
          },
          "sensitive_attributes": [],
          "private": "bnVsbA=="
        }
      ]
    },
    {
      "mode": "managed",
      "type": "aws_iam_user_policy_attachment",
      "name": "access_user_policy",
      "provider": "provider[\"registry.terraform.io/hashicorp/aws\"]",
      "instances": [
        {
          "schema_version": 0,
          "attributes": {
            "id": "bob-20230925131111918200000003",
            "policy_arn": "arn:aws:iam::856460250113:policy/AmazonS3ReadOnlyAccess",
            "user": "bob"
          },
          "sensitive_attributes": [],
          "private": "bnVsbA==",
          "dependencies": [
            "aws_iam_policy.AmazonS3ReadOnlyAccess",
            "aws_iam_user.cg-bob"
          ]
        }
      ]
    },
    {
      "mode": "managed",
      "type": "aws_iam_user_policy_attachment",
      "name": "s3_bucket_acl_attachment",
      "provider": "provider[\"registry.terraform.io/hashicorp/aws\"]",
      "instances": [
        {
          "schema_version": 0,
          "attributes": {
            "id": "kitri-20230925155756414200000001",
            "policy_arn": "arn:aws:iam::856460250113:policy/s3-bucket-acl-policy",
            "user": "kitri"
          },
          "sensitive_attributes": [],
          "private": "bnVsbA==",
          "dependencies": [
            "aws_iam_policy.s3_bucket_acl_policy",
            "aws_iam_user.cg-kitri"
          ]
        }
      ]
    },
    {
      "mode": "managed",
      "type": "aws_instance",
      "name": "my_instance",
      "provider": "provider[\"registry.terraform.io/hashicorp/aws\"]",
      "instances": [
        {
          "schema_version": 1,
          "attributes": {
            "ami": "ami-04cb4ca688797756f",
            "arn": "arn:aws:ec2:us-east-1:856460250113:instance/i-05ad12298309d7747",
            "associate_public_ip_address": true,
            "availability_zone": "us-east-1d",
            "capacity_reservation_specification": [
              {
                "capacity_reservation_preference": "open",
                "capacity_reservation_target": []
              }
            ],
            "cpu_core_count": 1,
            "cpu_options": [
              {
                "amd_sev_snp": "",
                "core_count": 1,
                "threads_per_core": 1
              }
            ],
            "cpu_threads_per_core": 1,
            "credit_specification": [
              {
                "cpu_credits": "standard"
              }
            ],
            "disable_api_stop": false,
            "disable_api_termination": false,
            "ebs_block_device": [],
            "ebs_optimized": false,
            "enclave_options": [
              {
                "enabled": false
              }
            ],
            "ephemeral_block_device": [],
            "get_password_data": false,
            "hibernation": false,
            "host_id": "",
            "host_resource_group_arn": null,
            "iam_instance_profile": "",
            "id": "i-05ad12298309d7747",
            "instance_initiated_shutdown_behavior": "stop",
            "instance_lifecycle": "",
            "instance_market_options": [],
            "instance_state": "running",
            "instance_type": "t2.micro",
            "ipv6_address_count": 0,
            "ipv6_addresses": [],
            "key_name": "bob_key_pair",
            "launch_template": [],
            "maintenance_options": [
              {
                "auto_recovery": "default"
              }
            ],
            "metadata_options": [
              {
                "http_endpoint": "enabled",
                "http_protocol_ipv6": "disabled",
                "http_put_response_hop_limit": 2,
                "http_tokens": "required",
                "instance_metadata_tags": "disabled"
              }
            ],
            "monitoring": false,
            "network_interface": [],
            "outpost_arn": "",
            "password_data": "",
            "placement_group": "",
            "placement_partition_number": 0,
            "primary_network_interface_id": "eni-0c6dcc7b71a9040e9",
            "private_dns": "ip-172-31-88-205.ec2.internal",
            "private_dns_name_options": [
              {
                "enable_resource_name_dns_a_record": false,
                "enable_resource_name_dns_aaaa_record": false,
                "hostname_type": "ip-name"
              }
            ],
            "private_ip": "172.31.88.205",
            "public_dns": "ec2-54-164-1-227.compute-1.amazonaws.com",
            "public_ip": "54.164.1.227",
            "root_block_device": [
              {
                "delete_on_termination": true,
                "device_name": "/dev/xvda",
                "encrypted": false,
                "iops": 3000,
                "kms_key_id": "",
                "tags": {},
                "throughput": 125,
                "volume_id": "vol-0dcc1abf0dc028b67",
                "volume_size": 8,
                "volume_type": "gp3"
              }
            ],
            "secondary_private_ips": [],
            "security_groups": [
              "Couque_Dasse"
            ],
            "source_dest_check": true,
            "spot_instance_request_id": "",
            "subnet_id": "subnet-04d52bfce8789248b",
            "tags": {},
            "tags_all": {},
            "tenancy": "default",
            "timeouts": null,
            "user_data": null,
            "user_data_base64": null,
            "user_data_replace_on_change": false,
            "volume_tags": null,
            "vpc_security_group_ids": [
              "sg-0e3148d0109c986a7"
            ]
          },
          "sensitive_attributes": [],
          "private": "eyJlMmJmYjczMC1lY2FhLTExZTYtOGY4OC0zNDM2M2JjN2M0YzAiOnsiY3JlYXRlIjo2MDAwMDAwMDAwMDAsImRlbGV0ZSI6MTIwMDAwMDAwMDAwMCwidXBkYXRlIjo2MDAwMDAwMDAwMDB9LCJzY2hlbWFfdmVyc2lvbiI6IjEifQ==",
          "dependencies": [
            "aws_key_pair.bob_key_pair",
            "aws_security_group.Couque_Dasse_sg"
          ]
        }
      ]
    },
    {
      "mode": "managed",
      "type": "aws_key_pair",
      "name": "bob_key_pair",
      "provider": "provider[\"registry.terraform.io/hashicorp/aws\"]",
      "instances": [
        {
          "schema_version": 1,
          "attributes": {
            "arn": "arn:aws:ec2:us-east-1:856460250113:key-pair/bob_key_pair",
            "fingerprint": "a5:88:fa:4a:71:84:06:d1:ed:90:89:51:57:d0:97:94",
            "id": "bob_key_pair",
            "key_name": "bob_key_pair",
            "key_name_prefix": "",
            "key_pair_id": "key-015e1efdf6ccf5295",
            "key_type": "rsa",
            "public_key": "ssh-rsa AAAAB3NzaC1yc2EAAAADAQABAAABgQDVmnCcAUIInKD5IohFTXHsEX9sCu/cDoy48QoWwfic10iC36jLwr9VvbwMW+a9WNamNIGxsCYJg8spyOHr8VtlPVIpTGYjVOUE4cuIqbwjYKfd16bZ/4QdYi6Ecp12tMExfQnwSrVdaWbfsw8gEYVWqKg0EMJpEiLH534azRmZC/OKEpPLbYIbjcdCYaMcDa/xm15c8eFW8EUgDjxGXni/Jz6BlMmFqOssqERVuqdzqRV+vJYlI7Eg9e7uqM5dcn4um6dSDSwAFdWAsf99/bW+vqqZWqMuLK91wyA41OM+FZOZlNpWG4i7Lyh5ypV2WX+zHNRWKhqjekAQpmB9MvvbfVhWmZC0Ti7R/pGS4Gkt1weBOXJuGS6UrqSIJ+4RwAM4uzb0NglGJP7l79swsqgFUoKAqtMmJpDlnWriaxZwUxOLviKGXIErISSrxeWCzbLrL2sckqGPHsWdwJ64aINBcPUhlOlt3HnEOa9K8I1IPnsk3ez1pljtwEcRea6Jpkk= psh00@BOOK-K564PCFON1",
            "tags": {},
            "tags_all": {}
          },
          "sensitive_attributes": [],
          "private": "eyJzY2hlbWFfdmVyc2lvbiI6IjEifQ=="
        }
      ]
    },
    {
      "mode": "managed",
      "type": "aws_lambda_function",
      "name": "add_tag",
      "provider": "provider[\"registry.terraform.io/hashicorp/aws\"]",
      "instances": [
        {
          "schema_version": 0,
          "attributes": {
            "architectures": [
              "x86_64"
            ],
            "arn": "arn:aws:lambda:us-east-1:856460250113:function:tagless",
            "code_signing_config_arn": "",
            "dead_letter_config": [],
            "description": "",
            "environment": [],
            "ephemeral_storage": [
              {
                "size": 512
              }
            ],
            "file_system_config": [],
            "filename": "tagless.zip",
            "function_name": "tagless",
            "handler": "tagless.lambda_handler",
            "id": "tagless",
            "image_config": [],
            "image_uri": "",
            "invoke_arn": "arn:aws:apigateway:us-east-1:lambda:path/2015-03-31/functions/arn:aws:lambda:us-east-1:856460250113:function:tagless/invocations",
            "kms_key_arn": "",
            "last_modified": "2023-09-25T15:57:56.000+0000",
            "layers": [],
            "memory_size": 128,
            "package_type": "Zip",
            "publish": false,
            "qualified_arn": "arn:aws:lambda:us-east-1:856460250113:function:tagless:$LATEST",
            "qualified_invoke_arn": "arn:aws:apigateway:us-east-1:lambda:path/2015-03-31/functions/arn:aws:lambda:us-east-1:856460250113:function:tagless:$LATEST/invocations",
            "replace_security_groups_on_destroy": null,
            "replacement_security_group_ids": null,
            "reserved_concurrent_executions": -1,
            "role": "arn:aws:iam::856460250113:role/iam_for_lambda",
            "runtime": "python3.9",
            "s3_bucket": null,
            "s3_key": null,
            "s3_object_version": null,
            "signing_job_arn": "",
            "signing_profile_version_arn": "",
            "skip_destroy": false,
            "snap_start": [],
            "source_code_hash": "b30DL+WYJSDEC9io1sygd7GhtTDWOKN3XUPHHvlTGf4=",
            "source_code_size": 821,
            "tags": {},
            "tags_all": {},
            "timeout": 3,
            "timeouts": null,
            "tracing_config": [
              {
                "mode": "PassThrough"
              }
            ],
            "version": "$LATEST",
            "vpc_config": []
          },
          "sensitive_attributes": [],
          "private": "eyJlMmJmYjczMC1lY2FhLTExZTYtOGY4OC0zNDM2M2JjN2M0YzAiOnsiY3JlYXRlIjo2MDAwMDAwMDAwMDAsImRlbGV0ZSI6NjAwMDAwMDAwMDAwLCJ1cGRhdGUiOjYwMDAwMDAwMDAwMH19",
          "dependencies": [
            "aws_iam_role.iam_for_lambda",
            "data.archive_file.lambda"
          ]
        }
      ]
    },
    {
      "mode": "managed",
      "type": "aws_lambda_permission",
      "name": "s3_invoke_permission",
      "provider": "provider[\"registry.terraform.io/hashicorp/aws\"]",
      "instances": [
        {
          "schema_version": 0,
          "attributes": {
            "action": "lambda:InvokeFunction",
            "event_source_token": null,
            "function_name": "arn:aws:lambda:us-east-1:856460250113:function:tagless",
            "function_url_auth_type": null,
            "id": "AllowExecutionFromS3",
            "principal": "s3.amazonaws.com",
            "principal_org_id": null,
            "qualifier": "",
            "source_account": null,
            "source_arn": null,
            "statement_id": "AllowExecutionFromS3",
            "statement_id_prefix": ""
          },
          "sensitive_attributes": [],
          "private": "bnVsbA==",
          "dependencies": [
            "aws_iam_role.iam_for_lambda",
            "aws_lambda_function.add_tag",
            "data.archive_file.lambda",
            "data.aws_iam_policy_document.assume_role"
          ]
        }
      ]
    },
    {
      "mode": "managed",
      "type": "aws_s3_bucket",
      "name": "teamcgv-test-bucket",
      "provider": "provider[\"registry.terraform.io/hashicorp/aws\"]",
      "instances": [
        {
          "schema_version": 0,
          "attributes": {
            "acceleration_status": "",
            "acl": null,
            "arn": "arn:aws:s3:::teamcgv-test",
            "bucket": "teamcgv-test",
            "bucket_domain_name": "teamcgv-test.s3.amazonaws.com",
            "bucket_prefix": "",
            "bucket_regional_domain_name": "teamcgv-test.s3.us-east-1.amazonaws.com",
            "cors_rule": [],
            "force_destroy": false,
            "grant": [
              {
                "id": "",
                "permissions": [
                  "READ"
                ],
                "type": "Group",
                "uri": "http://acs.amazonaws.com/groups/global/AllUsers"
              },
              {
                "id": "c6b537118d52b811c1281aa9d45e6190861aa044ab7fef0a7424ede0c632d1ab",
                "permissions": [
                  "FULL_CONTROL"
                ],
                "type": "CanonicalUser",
                "uri": ""
              }
            ],
            "hosted_zone_id": "Z3AQBSTGFYJSTF",
            "id": "teamcgv-test",
            "lifecycle_rule": [],
            "logging": [],
            "object_lock_configuration": [],
            "object_lock_enabled": false,
            "policy": "",
            "region": "us-east-1",
            "replication_configuration": [],
            "request_payer": "BucketOwner",
            "server_side_encryption_configuration": [
              {
                "rule": [
                  {
                    "apply_server_side_encryption_by_default": [
                      {
                        "kms_master_key_id": "",
                        "sse_algorithm": "AES256"
                      }
                    ],
                    "bucket_key_enabled": false
                  }
                ]
              }
            ],
            "tags": {},
            "tags_all": {},
            "timeouts": null,
            "versioning": [
              {
                "enabled": false,
                "mfa_delete": false
              }
            ],
            "website": [],
            "website_domain": null,
            "website_endpoint": null
          },
          "sensitive_attributes": [],
          "private": "eyJlMmJmYjczMC1lY2FhLTExZTYtOGY4OC0zNDM2M2JjN2M0YzAiOnsiY3JlYXRlIjoxMjAwMDAwMDAwMDAwLCJkZWxldGUiOjM2MDAwMDAwMDAwMDAsInJlYWQiOjEyMDAwMDAwMDAwMDAsInVwZGF0ZSI6MTIwMDAwMDAwMDAwMH19"
        }
      ]
    },
    {
      "mode": "managed",
      "type": "aws_s3_bucket_acl",
      "name": "example",
      "provider": "provider[\"registry.terraform.io/hashicorp/aws\"]",
      "instances": [
        {
          "schema_version": 0,
          "attributes": {
            "access_control_policy": [
              {
                "grant": [
                  {
                    "grantee": [
                      {
                        "display_name": "",
                        "email_address": "",
                        "id": "",
                        "type": "Group",
                        "uri": "http://acs.amazonaws.com/groups/global/AllUsers"
                      }
                    ],
                    "permission": "READ"
                  },
                  {
                    "grantee": [
                      {
                        "display_name": "hsp003636",
                        "email_address": "",
                        "id": "c6b537118d52b811c1281aa9d45e6190861aa044ab7fef0a7424ede0c632d1ab",
                        "type": "CanonicalUser",
                        "uri": ""
                      }
                    ],
                    "permission": "FULL_CONTROL"
                  }
                ],
                "owner": [
                  {
                    "display_name": "hsp003636",
                    "id": "c6b537118d52b811c1281aa9d45e6190861aa044ab7fef0a7424ede0c632d1ab"
                  }
                ]
              }
            ],
            "acl": "public-read",
            "bucket": "teamcgv-test",
            "expected_bucket_owner": "",
            "id": "teamcgv-test,public-read"
          },
          "sensitive_attributes": [],
          "private": "bnVsbA==",
          "dependencies": [
            "aws_s3_bucket.teamcgv-test-bucket",
            "aws_s3_bucket_ownership_controls.example",
            "aws_s3_bucket_public_access_block.example"
          ]
        }
      ]
    },
    {
      "mode": "managed",
      "type": "aws_s3_bucket_notification",
      "name": "bucket_notification",
      "provider": "provider[\"registry.terraform.io/hashicorp/aws\"]",
      "instances": [
        {
          "schema_version": 0,
          "attributes": {
            "bucket": "teamcgv-test",
            "eventbridge": false,
            "id": "teamcgv-test",
            "lambda_function": [
              {
                "events": [
                  "s3:ObjectCreated:*"
                ],
                "filter_prefix": "",
                "filter_suffix": "",
                "id": "tf-s3-lambda-20230925131124383500000004",
                "lambda_function_arn": "arn:aws:lambda:us-east-1:856460250113:function:tagless"
              }
            ],
            "queue": [],
            "topic": []
          },
          "sensitive_attributes": [],
          "private": "bnVsbA==",
          "dependencies": [
            "aws_iam_role.iam_for_lambda",
            "aws_lambda_function.add_tag",
            "aws_lambda_permission.s3_invoke_permission",
            "aws_s3_bucket.teamcgv-test-bucket",
            "data.archive_file.lambda",
            "data.aws_iam_policy_document.assume_role"
          ]
        }
      ]
    },
    {
      "mode": "managed",
      "type": "aws_s3_bucket_ownership_controls",
      "name": "example",
      "provider": "provider[\"registry.terraform.io/hashicorp/aws\"]",
      "instances": [
        {
          "schema_version": 0,
          "attributes": {
            "bucket": "teamcgv-test",
            "id": "teamcgv-test",
            "rule": [
              {
                "object_ownership": "BucketOwnerPreferred"
              }
            ]
          },
          "sensitive_attributes": [],
          "private": "bnVsbA==",
          "dependencies": [
            "aws_s3_bucket.teamcgv-test-bucket"
          ]
        }
      ]
    },
    {
      "mode": "managed",
      "type": "aws_s3_bucket_public_access_block",
      "name": "example",
      "provider": "provider[\"registry.terraform.io/hashicorp/aws\"]",
      "instances": [
        {
          "schema_version": 0,
          "attributes": {
            "block_public_acls": false,
            "block_public_policy": false,
            "bucket": "teamcgv-test",
            "id": "teamcgv-test",
            "ignore_public_acls": false,
            "restrict_public_buckets": false
          },
          "sensitive_attributes": [],
          "private": "bnVsbA==",
          "dependencies": [
            "aws_s3_bucket.teamcgv-test-bucket"
          ]
        }
      ]
    },
    {
      "mode": "managed",
      "type": "aws_security_group",
      "name": "Couque_Dasse_sg",
      "provider": "provider[\"registry.terraform.io/hashicorp/aws\"]",
      "instances": [
        {
          "schema_version": 1,
          "attributes": {
            "arn": "arn:aws:ec2:us-east-1:856460250113:security-group/sg-0e3148d0109c986a7",
            "description": "My Security Group",
            "egress": [
              {
                "cidr_blocks": [
                  "0.0.0.0/0"
                ],
                "description": "",
                "from_port": 0,
                "ipv6_cidr_blocks": [],
                "prefix_list_ids": [],
                "protocol": "-1",
                "security_groups": [],
                "self": false,
                "to_port": 0
              }
            ],
            "id": "sg-0e3148d0109c986a7",
            "ingress": [
              {
                "cidr_blocks": [
                  "0.0.0.0/0"
                ],
                "description": "",
                "from_port": 22,
                "ipv6_cidr_blocks": [],
                "prefix_list_ids": [],
                "protocol": "tcp",
                "security_groups": [],
                "self": false,
                "to_port": 22
              },
              {
                "cidr_blocks": [
                  "0.0.0.0/0"
                ],
                "description": "",
                "from_port": 80,
                "ipv6_cidr_blocks": [],
                "prefix_list_ids": [],
                "protocol": "tcp",
                "security_groups": [],
                "self": false,
                "to_port": 80
              }
            ],
            "name": "Couque_Dasse",
            "name_prefix": "",
            "owner_id": "856460250113",
            "revoke_rules_on_delete": false,
            "tags": {},
            "tags_all": {},
            "timeouts": null,
            "vpc_id": "vpc-028686775fb9de28b"
          },
          "sensitive_attributes": [],
          "private": "eyJlMmJmYjczMC1lY2FhLTExZTYtOGY4OC0zNDM2M2JjN2M0YzAiOnsiY3JlYXRlIjo2MDAwMDAwMDAwMDAsImRlbGV0ZSI6OTAwMDAwMDAwMDAwfSwic2NoZW1hX3ZlcnNpb24iOiIxIn0="
        }
      ]
    }
  ],
  "check_results": null
}
